
Microsoft Visual Studio Solution File, Format Version 12.00
# Visual Studio Version 17
VisualStudioVersion = 17.4.33122.133
MinimumVisualStudioVersion = 10.0.40219.1
Project("{FAE04EC0-301F-11D3-BF4B-00C04F79EFBC}") = "TerapiaExam", "TerapiaExam\TerapiaExam.csproj", "{7DD9AA52-2610-4103-9E84-92FFF3AEEF58}"
EndProject
Global
	GlobalSection(SolutionConfigurationPlatforms) = preSolution
		Debug|Any CPU = Debug|Any CPU
		Release|Any CPU = Release|Any CPU
	EndGlobalSection
	GlobalSection(ProjectConfigurationPlatforms) = postSolution
		{7DD9AA52-2610-4103-9E84-92FFF3AEEF58}.Debug|Any CPU.ActiveCfg = Debug|Any CPU
		{7DD9AA52-2610-4103-9E84-92FFF3AEEF58}.Debug|Any CPU.Build.0 = Debug|Any CPU
		{7DD9AA52-2610-4103-9E84-92FFF3AEEF58}.Release|Any CPU.ActiveCfg = Release|Any CPU
		{7DD9AA52-2610-4103-9E84-92FFF3AEEF58}.Release|Any CPU.Build.0 = Release|Any CPU
	EndGlobalSection
	GlobalSection(SolutionProperties) = preSolution
		HideSolutionNode = FALSE
	EndGlobalSection
	GlobalSection(ExtensibilityGlobals) = postSolution
		SolutionGuid = {E56197C7-2102-4CEE-8A55-A8DA9A40B485}
	EndGlobalSection
EndGlobal
